
Microsoft Visual Studio Solution File, Format Version 12.00
# Visual Studio Version 16
VisualStudioVersion = 16.0.29728.190
MinimumVisualStudioVersion = 10.0.40219.1
Project("{FAE04EC0-301F-11D3-BF4B-00C04F79EFBC}") = "ModelDesignFirst", "ModelDesignFirst.csproj", "{FA7C1703-2838-493B-AC7C-87883699ABB1}"
EndProject
Global
	GlobalSection(SolutionConfigurationPlatforms) = preSolution
		Debug|Any CPU = Debug|Any CPU
		Release|Any CPU = Release|Any CPU
	EndGlobalSection
	GlobalSection(ProjectConfigurationPlatforms) = postSolution
		{FA7C1703-2838-493B-AC7C-87883699ABB1}.Debug|Any CPU.ActiveCfg = Debug|Any CPU
		{FA7C1703-2838-493B-AC7C-87883699ABB1}.Debug|Any CPU.Build.0 = Debug|Any CPU
		{FA7C1703-2838-493B-AC7C-87883699ABB1}.Release|Any CPU.ActiveCfg = Release|Any CPU
		{FA7C1703-2838-493B-AC7C-87883699ABB1}.Release|Any CPU.Build.0 = Release|Any CPU
	EndGlobalSection
	GlobalSection(SolutionProperties) = preSolution
		HideSolutionNode = FALSE
	EndGlobalSection
	GlobalSection(ExtensibilityGlobals) = postSolution
		SolutionGuid = {BEF30C17-CA9B-4F4B-B8A4-D6C5679D9C4C}
	EndGlobalSection
EndGlobal
